{
  "name": "kinesis-api",
  "version": "1.0.0",
  "lockfileVersion": 2,
  "requires": true,
  "packages": {
    "": {
      "name": "kinesis-api",
      "version": "1.0.0",
      "license": "MIT",
      "dependencies": {
        "@wasmer/wasi": "^1.0.2",
        "dotenv": "^10.0.0",
        "kinesis-db": "file:../pkg",
        "wasi": "^0.0.6"
      },
      "devDependencies": {
        "hello-wasm-pack": "^0.1.0"
      }
    },
    "../pkg": {
      "name": "kinesis-db",
      "version": "0.1.0",
      "license": "MIT",
      "dependencies": {
        "env": "^0.0.2"
      }
    },
    "node_modules/@wasmer/wasi": {
      "version": "1.0.2",
      "resolved": "https://registry.npmjs.org/@wasmer/wasi/-/wasi-1.0.2.tgz",
      "integrity": "sha512-Y256k0Vjj9ZymIk8Cw1XDfuBYCOH9SZc2LjGk55vM+h6mhrKZkNvbR4pZeoXNdPWIu84luW0dULaAsLv5LA9NA=="
    },
    "node_modules/bindings": {
      "version": "1.5.0",
      "resolved": "https://registry.npmjs.org/bindings/-/bindings-1.5.0.tgz",
      "integrity": "sha512-p2q/t/mhvuOj/UeLlV6566GD/guowlr0hHxClI0W9m7MWYkL1F0hLo+0Aexs9HSPCtR1SXQ0TD3MMKrXZajbiQ==",
      "dependencies": {
        "file-uri-to-path": "1.0.0"
      }
    },
    "node_modules/dotenv": {
      "version": "10.0.0",
      "resolved": "https://registry.npmjs.org/dotenv/-/dotenv-10.0.0.tgz",
      "integrity": "sha512-rlBi9d8jpv9Sf1klPjNfFAuWDjKLwTIJJ/VxtoTwIR6hnZxcEOQCZg2oIL3MWBYw5GpUDKOEnND7LXTbIpQ03Q==",
      "engines": {
        "node": ">=10"
      }
    },
    "node_modules/file-uri-to-path": {
      "version": "1.0.0",
      "resolved": "https://registry.npmjs.org/file-uri-to-path/-/file-uri-to-path-1.0.0.tgz",
      "integrity": "sha512-0Zt+s3L7Vf1biwWZ29aARiVYLx7iMGnEUl9x33fbB/j3jR81u/O2LbqK+Bm1CDSNDKVtJ/YjwY7TUd5SkeLQLw=="
    },
    "node_modules/hello-wasm-pack": {
      "version": "0.1.0",
      "resolved": "https://registry.npmjs.org/hello-wasm-pack/-/hello-wasm-pack-0.1.0.tgz",
      "integrity": "sha512-3hx0GDkDLf/a9ThCMV2qG4mwza8N/MCtm8aeFFc/cdBCL2zMJ1kW1wjNl7xPqD1lz8Yl5+uhnc/cpui4dLwz/w==",
      "dev": true
    },
    "node_modules/kinesis-db": {
      "resolved": "../pkg",
      "link": true
    },
    "node_modules/wasi": {
      "version": "0.0.6",
      "resolved": "https://registry.npmjs.org/wasi/-/wasi-0.0.6.tgz",
      "integrity": "sha512-D3f4Q/3LojW1uMloOC1OuFlGy2u22hLqpskAz0OkmoYeWIwVYf8XBuc9ihDGJnNf3lfNvqM4s0030sN0UUXExw==",
      "hasInstallScript": true,
      "dependencies": {
        "bindings": "^1.5.0"
      },
      "bin": {
        "wasi": "run.js"
      }
    }
  },
  "dependencies": {
    "@wasmer/wasi": {
      "version": "1.0.2",
      "resolved": "https://registry.npmjs.org/@wasmer/wasi/-/wasi-1.0.2.tgz",
      "integrity": "sha512-Y256k0Vjj9ZymIk8Cw1XDfuBYCOH9SZc2LjGk55vM+h6mhrKZkNvbR4pZeoXNdPWIu84luW0dULaAsLv5LA9NA=="
    },
    "bindings": {
      "version": "1.5.0",
      "resolved": "https://registry.npmjs.org/bindings/-/bindings-1.5.0.tgz",
      "integrity": "sha512-p2q/t/mhvuOj/UeLlV6566GD/guowlr0hHxClI0W9m7MWYkL1F0hLo+0Aexs9HSPCtR1SXQ0TD3MMKrXZajbiQ==",
      "requires": {
        "file-uri-to-path": "1.0.0"
      }
    },
    "dotenv": {
      "version": "10.0.0",
      "resolved": "https://registry.npmjs.org/dotenv/-/dotenv-10.0.0.tgz",
      "integrity": "sha512-rlBi9d8jpv9Sf1klPjNfFAuWDjKLwTIJJ/VxtoTwIR6hnZxcEOQCZg2oIL3MWBYw5GpUDKOEnND7LXTbIpQ03Q=="
    },
    "file-uri-to-path": {
      "version": "1.0.0",
      "resolved": "https://registry.npmjs.org/file-uri-to-path/-/file-uri-to-path-1.0.0.tgz",
      "integrity": "sha512-0Zt+s3L7Vf1biwWZ29aARiVYLx7iMGnEUl9x33fbB/j3jR81u/O2LbqK+Bm1CDSNDKVtJ/YjwY7TUd5SkeLQLw=="
    },
    "hello-wasm-pack": {
      "version": "0.1.0",
      "resolved": "https://registry.npmjs.org/hello-wasm-pack/-/hello-wasm-pack-0.1.0.tgz",
      "integrity": "sha512-3hx0GDkDLf/a9ThCMV2qG4mwza8N/MCtm8aeFFc/cdBCL2zMJ1kW1wjNl7xPqD1lz8Yl5+uhnc/cpui4dLwz/w==",
      "dev": true
    },
    "kinesis-db": {
      "version": "file:../pkg",
      "requires": {
        "env": "^0.0.2"
      }
    },
    "wasi": {
      "version": "0.0.6",
      "resolved": "https://registry.npmjs.org/wasi/-/wasi-0.0.6.tgz",
      "integrity": "sha512-D3f4Q/3LojW1uMloOC1OuFlGy2u22hLqpskAz0OkmoYeWIwVYf8XBuc9ihDGJnNf3lfNvqM4s0030sN0UUXExw==",
      "requires": {
        "bindings": "^1.5.0"
      }
    }
  }
}
