{
  "name": "kinesis-api",
  "version": "1.0.0",
  "lockfileVersion": 2,
  "requires": true,
  "packages": {
    "": {
      "name": "kinesis-api",
      "version": "1.0.0",
      "license": "MIT",
      "dependencies": {
        "dotenv": "^10.0.0",
        "env": "^0.0.2",
        "kinesis-db": "file:../pkg"
      },
      "devDependencies": {
        "hello-wasm-pack": "^0.1.0"
      }
    },
    "../pkg": {},
    "node_modules/dotenv": {
      "version": "10.0.0",
      "resolved": "https://registry.npmjs.org/dotenv/-/dotenv-10.0.0.tgz",
      "integrity": "sha512-rlBi9d8jpv9Sf1klPjNfFAuWDjKLwTIJJ/VxtoTwIR6hnZxcEOQCZg2oIL3MWBYw5GpUDKOEnND7LXTbIpQ03Q==",
      "engines": {
        "node": ">=10"
      }
    },
    "node_modules/env": {
      "version": "0.0.2",
      "resolved": "https://registry.npmjs.org/env/-/env-0.0.2.tgz",
      "integrity": "sha1-UMGfMHsSmkWEW2tobfWzndQNHPA=",
      "engines": {
        "node": ">= 0.5.9"
      }
    },
    "node_modules/hello-wasm-pack": {
      "version": "0.1.0",
      "resolved": "https://registry.npmjs.org/hello-wasm-pack/-/hello-wasm-pack-0.1.0.tgz",
      "integrity": "sha512-3hx0GDkDLf/a9ThCMV2qG4mwza8N/MCtm8aeFFc/cdBCL2zMJ1kW1wjNl7xPqD1lz8Yl5+uhnc/cpui4dLwz/w==",
      "dev": true
    },
    "node_modules/kinesis-db": {
      "resolved": "../pkg",
      "link": true
    }
  },
  "dependencies": {
    "dotenv": {
      "version": "10.0.0",
      "resolved": "https://registry.npmjs.org/dotenv/-/dotenv-10.0.0.tgz",
      "integrity": "sha512-rlBi9d8jpv9Sf1klPjNfFAuWDjKLwTIJJ/VxtoTwIR6hnZxcEOQCZg2oIL3MWBYw5GpUDKOEnND7LXTbIpQ03Q=="
    },
    "env": {
      "version": "0.0.2",
      "resolved": "https://registry.npmjs.org/env/-/env-0.0.2.tgz",
      "integrity": "sha1-UMGfMHsSmkWEW2tobfWzndQNHPA="
    },
    "hello-wasm-pack": {
      "version": "0.1.0",
      "resolved": "https://registry.npmjs.org/hello-wasm-pack/-/hello-wasm-pack-0.1.0.tgz",
      "integrity": "sha512-3hx0GDkDLf/a9ThCMV2qG4mwza8N/MCtm8aeFFc/cdBCL2zMJ1kW1wjNl7xPqD1lz8Yl5+uhnc/cpui4dLwz/w==",
      "dev": true
    },
    "kinesis-db": {
      "version": "file:../pkg"
    }
  }
}
